
Microsoft Visual Studio Solution File, Format Version 12.00
# Visual Studio Version 16
VisualStudioVersion = 16.0.30204.135
MinimumVisualStudioVersion = 15.0.26124.0
Project("{9A19103F-16F7-4668-BE54-9A1E7A4F7556}") = "EveryBus", "EveryBus\EveryBus.csproj", "{D12F78AB-85BB-4EF0-BE61-2622D18B2F0C}"
EndProject
Global
	GlobalSection(SolutionConfigurationPlatforms) = preSolution
		Debug|Any CPU = Debug|Any CPU
		Debug|x64 = Debug|x64
		Debug|x86 = Debug|x86
		Release|Any CPU = Release|Any CPU
		Release|x64 = Release|x64
		Release|x86 = Release|x86
	EndGlobalSection
	GlobalSection(ProjectConfigurationPlatforms) = postSolution
		{D12F78AB-85BB-4EF0-BE61-2622D18B2F0C}.Debug|Any CPU.ActiveCfg = Debug|Any CPU
		{D12F78AB-85BB-4EF0-BE61-2622D18B2F0C}.Debug|Any CPU.Build.0 = Debug|Any CPU
		{D12F78AB-85BB-4EF0-BE61-2622D18B2F0C}.Debug|x64.ActiveCfg = Debug|Any CPU
		{D12F78AB-85BB-4EF0-BE61-2622D18B2F0C}.Debug|x64.Build.0 = Debug|Any CPU
		{D12F78AB-85BB-4EF0-BE61-2622D18B2F0C}.Debug|x86.ActiveCfg = Debug|Any CPU
		{D12F78AB-85BB-4EF0-BE61-2622D18B2F0C}.Debug|x86.Build.0 = Debug|Any CPU
		{D12F78AB-85BB-4EF0-BE61-2622D18B2F0C}.Release|Any CPU.ActiveCfg = Release|Any CPU
		{D12F78AB-85BB-4EF0-BE61-2622D18B2F0C}.Release|Any CPU.Build.0 = Release|Any CPU
		{D12F78AB-85BB-4EF0-BE61-2622D18B2F0C}.Release|x64.ActiveCfg = Release|Any CPU
		{D12F78AB-85BB-4EF0-BE61-2622D18B2F0C}.Release|x64.Build.0 = Release|Any CPU
		{D12F78AB-85BB-4EF0-BE61-2622D18B2F0C}.Release|x86.ActiveCfg = Release|Any CPU
		{D12F78AB-85BB-4EF0-BE61-2622D18B2F0C}.Release|x86.Build.0 = Release|Any CPU
		{A0F89C38-37C6-4C39-9A7D-F19F2F943C4C}.Debug|Any CPU.ActiveCfg = Debug|Any CPU
		{A0F89C38-37C6-4C39-9A7D-F19F2F943C4C}.Debug|Any CPU.Build.0 = Debug|Any CPU
		{A0F89C38-37C6-4C39-9A7D-F19F2F943C4C}.Debug|x64.ActiveCfg = Debug|Any CPU
		{A0F89C38-37C6-4C39-9A7D-F19F2F943C4C}.Debug|x64.Build.0 = Debug|Any CPU
		{A0F89C38-37C6-4C39-9A7D-F19F2F943C4C}.Debug|x86.ActiveCfg = Debug|Any CPU
		{A0F89C38-37C6-4C39-9A7D-F19F2F943C4C}.Debug|x86.Build.0 = Debug|Any CPU
		{A0F89C38-37C6-4C39-9A7D-F19F2F943C4C}.Release|Any CPU.ActiveCfg = Release|Any CPU
		{A0F89C38-37C6-4C39-9A7D-F19F2F943C4C}.Release|Any CPU.Build.0 = Release|Any CPU
		{A0F89C38-37C6-4C39-9A7D-F19F2F943C4C}.Release|x64.ActiveCfg = Release|Any CPU
		{A0F89C38-37C6-4C39-9A7D-F19F2F943C4C}.Release|x64.Build.0 = Release|Any CPU
		{A0F89C38-37C6-4C39-9A7D-F19F2F943C4C}.Release|x86.ActiveCfg = Release|Any CPU
		{A0F89C38-37C6-4C39-9A7D-F19F2F943C4C}.Release|x86.Build.0 = Release|Any CPU
	EndGlobalSection
	GlobalSection(SolutionProperties) = preSolution
		HideSolutionNode = FALSE
	EndGlobalSection
	GlobalSection(ExtensibilityGlobals) = postSolution
		SolutionGuid = {5DAFDA76-2287-415A-9DAA-AE9AA3FB3B58}
	EndGlobalSection
EndGlobal
